
Microsoft Visual Studio Solution File, Format Version 12.00
# Visual Studio Version 17
VisualStudioVersion = 17.4.33205.214
MinimumVisualStudioVersion = 10.0.40219.1
Project("{FAE04EC0-301F-11D3-BF4B-00C04F79EFBC}") = "RavenProject", "RavenProject\RavenProject.csproj", "{95197C72-15C4-4234-A6FC-0F816D517AEA}"
EndProject
Project("{FAE04EC0-301F-11D3-BF4B-00C04F79EFBC}") = "Domain", "Domain\Domain.csproj", "{BE3CB341-DA6D-4C0B-9021-F901A3497ABA}"
EndProject
Project("{FAE04EC0-301F-11D3-BF4B-00C04F79EFBC}") = "Persistence", "Persistence\Persistence.csproj", "{2520DF8E-805D-425B-9613-D76A9C9037E3}"
EndProject
Project("{FAE04EC0-301F-11D3-BF4B-00C04F79EFBC}") = "API", "API\API.csproj", "{DACA16A9-A56D-43E8-B78A-8C7F7BDBC304}"
EndProject
Global
	GlobalSection(SolutionConfigurationPlatforms) = preSolution
		Debug|Any CPU = Debug|Any CPU
		Release|Any CPU = Release|Any CPU
	EndGlobalSection
	GlobalSection(ProjectConfigurationPlatforms) = postSolution
		{95197C72-15C4-4234-A6FC-0F816D517AEA}.Debug|Any CPU.ActiveCfg = Debug|Any CPU
		{95197C72-15C4-4234-A6FC-0F816D517AEA}.Debug|Any CPU.Build.0 = Debug|Any CPU
		{95197C72-15C4-4234-A6FC-0F816D517AEA}.Release|Any CPU.ActiveCfg = Release|Any CPU
		{95197C72-15C4-4234-A6FC-0F816D517AEA}.Release|Any CPU.Build.0 = Release|Any CPU
		{BE3CB341-DA6D-4C0B-9021-F901A3497ABA}.Debug|Any CPU.ActiveCfg = Debug|Any CPU
		{BE3CB341-DA6D-4C0B-9021-F901A3497ABA}.Debug|Any CPU.Build.0 = Debug|Any CPU
		{BE3CB341-DA6D-4C0B-9021-F901A3497ABA}.Release|Any CPU.ActiveCfg = Release|Any CPU
		{BE3CB341-DA6D-4C0B-9021-F901A3497ABA}.Release|Any CPU.Build.0 = Release|Any CPU
		{2520DF8E-805D-425B-9613-D76A9C9037E3}.Debug|Any CPU.ActiveCfg = Debug|Any CPU
		{2520DF8E-805D-425B-9613-D76A9C9037E3}.Debug|Any CPU.Build.0 = Debug|Any CPU
		{2520DF8E-805D-425B-9613-D76A9C9037E3}.Release|Any CPU.ActiveCfg = Release|Any CPU
		{2520DF8E-805D-425B-9613-D76A9C9037E3}.Release|Any CPU.Build.0 = Release|Any CPU
		{DACA16A9-A56D-43E8-B78A-8C7F7BDBC304}.Debug|Any CPU.ActiveCfg = Debug|Any CPU
		{DACA16A9-A56D-43E8-B78A-8C7F7BDBC304}.Debug|Any CPU.Build.0 = Debug|Any CPU
		{DACA16A9-A56D-43E8-B78A-8C7F7BDBC304}.Release|Any CPU.ActiveCfg = Release|Any CPU
		{DACA16A9-A56D-43E8-B78A-8C7F7BDBC304}.Release|Any CPU.Build.0 = Release|Any CPU
	EndGlobalSection
	GlobalSection(SolutionProperties) = preSolution
		HideSolutionNode = FALSE
	EndGlobalSection
	GlobalSection(ExtensibilityGlobals) = postSolution
		SolutionGuid = {7CE66129-DB97-4BCC-B22E-AF61998D4961}
	EndGlobalSection
EndGlobal
